// !$*UTF8*$!
{
	archiveVersion = 1;
	classes = {
	};
	objectVersion = 46;
	objects = {

/* Begin PBXBuildFile section */
		580FCC771CA8BF0F00506FF8 /* LD.swift in Sources */ = {isa = PBXBuildFile; fileRef = 580FCC761CA8BF0F00506FF8 /* LD.swift */; };
		580FCC791CA8BF2D00506FF8 /* EX.swift in Sources */ = {isa = PBXBuildFile; fileRef = 580FCC781CA8BF2D00506FF8 /* EX.swift */; };
		580FCC7B1CA8BF4400506FF8 /* EXX.swift in Sources */ = {isa = PBXBuildFile; fileRef = 580FCC7A1CA8BF4400506FF8 /* EXX.swift */; };
		580FCC7D1CA8BF5A00506FF8 /* LDI.swift in Sources */ = {isa = PBXBuildFile; fileRef = 580FCC7C1CA8BF5A00506FF8 /* LDI.swift */; };
		580FCC7F1CA8BF7100506FF8 /* INC.swift in Sources */ = {isa = PBXBuildFile; fileRef = 580FCC7E1CA8BF7100506FF8 /* INC.swift */; };
		580FCC811CA8BF8000506FF8 /* DEC.swift in Sources */ = {isa = PBXBuildFile; fileRef = 580FCC801CA8BF8000506FF8 /* DEC.swift */; };
		580FCC831CA8BF8F00506FF8 /* NOP.swift in Sources */ = {isa = PBXBuildFile; fileRef = 580FCC821CA8BF8F00506FF8 /* NOP.swift */; };
		580FCC851CA8BFA000506FF8 /* PUSH.swift in Sources */ = {isa = PBXBuildFile; fileRef = 580FCC841CA8BFA000506FF8 /* PUSH.swift */; };
		580FCC871CA8BFAF00506FF8 /* POP.swift in Sources */ = {isa = PBXBuildFile; fileRef = 580FCC861CA8BFAF00506FF8 /* POP.swift */; };
		580FCC891CA8BFD800506FF8 /* JP.swift in Sources */ = {isa = PBXBuildFile; fileRef = 580FCC881CA8BFD800506FF8 /* JP.swift */; };
		580FCC8B1CA8BFEA00506FF8 /* ADC.swift in Sources */ = {isa = PBXBuildFile; fileRef = 580FCC8A1CA8BFEA00506FF8 /* ADC.swift */; };
		580FCC8D1CA8BFFA00506FF8 /* RET.swift in Sources */ = {isa = PBXBuildFile; fileRef = 580FCC8C1CA8BFFA00506FF8 /* RET.swift */; };
		580FCC8F1CA8C00800506FF8 /* CP.swift in Sources */ = {isa = PBXBuildFile; fileRef = 580FCC8E1CA8C00800506FF8 /* CP.swift */; };
		581DADF41C195E6400870C74 /* main.swift in Sources */ = {isa = PBXBuildFile; fileRef = 581DADF31C195E6400870C74 /* main.swift */; };
		58589EEC1C3E41B900EC07C6 /* Z80.swift in Sources */ = {isa = PBXBuildFile; fileRef = 58589EEB1C3E41B900EC07C6 /* Z80.swift */; };
		587D128A1CAA3C750083E14C /* Memory.swift in Sources */ = {isa = PBXBuildFile; fileRef = 587D12891CAA3C750083E14C /* Memory.swift */; };
		587D128C1CAA3CE20083E14C /* Registers.swift in Sources */ = {isa = PBXBuildFile; fileRef = 587D128B1CAA3CE20083E14C /* Registers.swift */; };
		587D128E1CAA3D0E0083E14C /* Operand.swift in Sources */ = {isa = PBXBuildFile; fileRef = 587D128D1CAA3D0E0083E14C /* Operand.swift */; };
		587D12911CAA3E8B0083E14C /* Immediates.swift in Sources */ = {isa = PBXBuildFile; fileRef = 587D12901CAA3E8B0083E14C /* Immediates.swift */; };
		587D12931CAA3F730083E14C /* Indexed.swift in Sources */ = {isa = PBXBuildFile; fileRef = 587D12921CAA3F730083E14C /* Indexed.swift */; };
		589F7C651C7A54AE002E9F86 /* Util.swift in Sources */ = {isa = PBXBuildFile; fileRef = 589F7C641C7A54AE002E9F86 /* Util.swift */; };
		589F7C671C7A5516002E9F86 /* Instruction.swift in Sources */ = {isa = PBXBuildFile; fileRef = 589F7C661C7A5516002E9F86 /* Instruction.swift */; };
/* End PBXBuildFile section */

/* Begin PBXCopyFilesBuildPhase section */
		581DADEE1C195E6400870C74 /* CopyFiles */ = {
			isa = PBXCopyFilesBuildPhase;
			buildActionMask = 2147483647;
			dstPath = /usr/share/man/man1/;
			dstSubfolderSpec = 0;
			files = (
			);
			runOnlyForDeploymentPostprocessing = 1;
		};
/* End PBXCopyFilesBuildPhase section */

/* Begin PBXFileReference section */
		580FCC761CA8BF0F00506FF8 /* LD.swift */ = {isa = PBXFileReference; fileEncoding = 4; lastKnownFileType = sourcecode.swift; path = LD.swift; sourceTree = "<group>"; };
		580FCC781CA8BF2D00506FF8 /* EX.swift */ = {isa = PBXFileReference; fileEncoding = 4; lastKnownFileType = sourcecode.swift; path = EX.swift; sourceTree = "<group>"; };
		580FCC7A1CA8BF4400506FF8 /* EXX.swift */ = {isa = PBXFileReference; fileEncoding = 4; lastKnownFileType = sourcecode.swift; path = EXX.swift; sourceTree = "<group>"; };
		580FCC7C1CA8BF5A00506FF8 /* LDI.swift */ = {isa = PBXFileReference; fileEncoding = 4; lastKnownFileType = sourcecode.swift; path = LDI.swift; sourceTree = "<group>"; };
		580FCC7E1CA8BF7100506FF8 /* INC.swift */ = {isa = PBXFileReference; fileEncoding = 4; lastKnownFileType = sourcecode.swift; path = INC.swift; sourceTree = "<group>"; };
		580FCC801CA8BF8000506FF8 /* DEC.swift */ = {isa = PBXFileReference; fileEncoding = 4; lastKnownFileType = sourcecode.swift; path = DEC.swift; sourceTree = "<group>"; };
		580FCC821CA8BF8F00506FF8 /* NOP.swift */ = {isa = PBXFileReference; fileEncoding = 4; lastKnownFileType = sourcecode.swift; path = NOP.swift; sourceTree = "<group>"; };
		580FCC841CA8BFA000506FF8 /* PUSH.swift */ = {isa = PBXFileReference; fileEncoding = 4; lastKnownFileType = sourcecode.swift; path = PUSH.swift; sourceTree = "<group>"; };
		580FCC861CA8BFAF00506FF8 /* POP.swift */ = {isa = PBXFileReference; fileEncoding = 4; lastKnownFileType = sourcecode.swift; path = POP.swift; sourceTree = "<group>"; };
		580FCC881CA8BFD800506FF8 /* JP.swift */ = {isa = PBXFileReference; fileEncoding = 4; lastKnownFileType = sourcecode.swift; path = JP.swift; sourceTree = "<group>"; };
		580FCC8A1CA8BFEA00506FF8 /* ADC.swift */ = {isa = PBXFileReference; fileEncoding = 4; lastKnownFileType = sourcecode.swift; path = ADC.swift; sourceTree = "<group>"; };
		580FCC8C1CA8BFFA00506FF8 /* RET.swift */ = {isa = PBXFileReference; fileEncoding = 4; lastKnownFileType = sourcecode.swift; path = RET.swift; sourceTree = "<group>"; };
		580FCC8E1CA8C00800506FF8 /* CP.swift */ = {isa = PBXFileReference; fileEncoding = 4; lastKnownFileType = sourcecode.swift; path = CP.swift; sourceTree = "<group>"; };
		581DADF01C195E6400870C74 /* ostrich */ = {isa = PBXFileReference; explicitFileType = "compiled.mach-o.executable"; includeInIndex = 0; path = ostrich; sourceTree = BUILT_PRODUCTS_DIR; };
		581DADF31C195E6400870C74 /* main.swift */ = {isa = PBXFileReference; lastKnownFileType = sourcecode.swift; path = main.swift; sourceTree = "<group>"; };
		58589EEB1C3E41B900EC07C6 /* Z80.swift */ = {isa = PBXFileReference; fileEncoding = 4; lastKnownFileType = sourcecode.swift; name = Z80.swift; path = ../Z80.swift; sourceTree = "<group>"; };
		587D12891CAA3C750083E14C /* Memory.swift */ = {isa = PBXFileReference; fileEncoding = 4; lastKnownFileType = sourcecode.swift; path = Memory.swift; sourceTree = "<group>"; };
		587D128B1CAA3CE20083E14C /* Registers.swift */ = {isa = PBXFileReference; fileEncoding = 4; lastKnownFileType = sourcecode.swift; name = Registers.swift; path = ../Registers.swift; sourceTree = "<group>"; };
		587D128D1CAA3D0E0083E14C /* Operand.swift */ = {isa = PBXFileReference; fileEncoding = 4; lastKnownFileType = sourcecode.swift; name = Operand.swift; path = ../Operand.swift; sourceTree = "<group>"; };
		587D12901CAA3E8B0083E14C /* Immediates.swift */ = {isa = PBXFileReference; fileEncoding = 4; lastKnownFileType = sourcecode.swift; path = Immediates.swift; sourceTree = "<group>"; };
		587D12921CAA3F730083E14C /* Indexed.swift */ = {isa = PBXFileReference; fileEncoding = 4; lastKnownFileType = sourcecode.swift; path = Indexed.swift; sourceTree = "<group>"; };
		589F7C641C7A54AE002E9F86 /* Util.swift */ = {isa = PBXFileReference; fileEncoding = 4; lastKnownFileType = sourcecode.swift; path = Util.swift; sourceTree = "<group>"; };
		589F7C661C7A5516002E9F86 /* Instruction.swift */ = {isa = PBXFileReference; fileEncoding = 4; lastKnownFileType = sourcecode.swift; path = Instruction.swift; sourceTree = "<group>"; };
/* End PBXFileReference section */

/* Begin PBXFrameworksBuildPhase section */
		581DADED1C195E6400870C74 /* Frameworks */ = {
			isa = PBXFrameworksBuildPhase;
			buildActionMask = 2147483647;
			files = (
			);
			runOnlyForDeploymentPostprocessing = 0;
		};
/* End PBXFrameworksBuildPhase section */

/* Begin PBXGroup section */
		580FCC751CA8BEDA00506FF8 /* Instructions */ = {
			isa = PBXGroup;
			children = (
				589F7C661C7A5516002E9F86 /* Instruction.swift */,
				580FCC8E1CA8C00800506FF8 /* CP.swift */,
				580FCC8C1CA8BFFA00506FF8 /* RET.swift */,
				580FCC8A1CA8BFEA00506FF8 /* ADC.swift */,
				580FCC881CA8BFD800506FF8 /* JP.swift */,
				580FCC861CA8BFAF00506FF8 /* POP.swift */,
				580FCC841CA8BFA000506FF8 /* PUSH.swift */,
				580FCC821CA8BF8F00506FF8 /* NOP.swift */,
				580FCC801CA8BF8000506FF8 /* DEC.swift */,
				580FCC7E1CA8BF7100506FF8 /* INC.swift */,
				580FCC7C1CA8BF5A00506FF8 /* LDI.swift */,
				580FCC7A1CA8BF4400506FF8 /* EXX.swift */,
				580FCC761CA8BF0F00506FF8 /* LD.swift */,
				580FCC781CA8BF2D00506FF8 /* EX.swift */,
			);
			name = Instructions;
			sourceTree = "<group>";
		};
		581DADE71C195E6400870C74 = {
			isa = PBXGroup;
			children = (
				581DADF21C195E6400870C74 /* ostrich */,
				581DADF11C195E6400870C74 /* Products */,
			);
			sourceTree = "<group>";
		};
		581DADF11C195E6400870C74 /* Products */ = {
			isa = PBXGroup;
			children = (
				581DADF01C195E6400870C74 /* ostrich */,
			);
			name = Products;
			sourceTree = "<group>";
		};
		581DADF21C195E6400870C74 /* ostrich */ = {
			isa = PBXGroup;
			children = (
				581DADF31C195E6400870C74 /* main.swift */,
				58589EEB1C3E41B900EC07C6 /* Z80.swift */,
				589F7C641C7A54AE002E9F86 /* Util.swift */,
				587D12891CAA3C750083E14C /* Memory.swift */,
				587D128F1CAA3D7B0083E14C /* Operands */,
				580FCC751CA8BEDA00506FF8 /* Instructions */,
			);
			path = ostrich;
			sourceTree = "<group>";
		};
		587D128F1CAA3D7B0083E14C /* Operands */ = {
			isa = PBXGroup;
			children = (
				587D128D1CAA3D0E0083E14C /* Operand.swift */,
				587D12921CAA3F730083E14C /* Indexed.swift */,
				587D12901CAA3E8B0083E14C /* Immediates.swift */,
				587D128B1CAA3CE20083E14C /* Registers.swift */,
			);
			name = Operands;
			sourceTree = "<group>";
		};
/* End PBXGroup section */

/* Begin PBXNativeTarget section */
		581DADEF1C195E6400870C74 /* ostrich */ = {
			isa = PBXNativeTarget;
			buildConfigurationList = 581DADF71C195E6400870C74 /* Build configuration list for PBXNativeTarget "ostrich" */;
			buildPhases = (
				581DADEC1C195E6400870C74 /* Sources */,
				581DADED1C195E6400870C74 /* Frameworks */,
				581DADEE1C195E6400870C74 /* CopyFiles */,
			);
			buildRules = (
			);
			dependencies = (
			);
			name = ostrich;
			productName = ostrich;
			productReference = 581DADF01C195E6400870C74 /* ostrich */;
			productType = "com.apple.product-type.tool";
		};
/* End PBXNativeTarget section */

/* Begin PBXProject section */
		581DADE81C195E6400870C74 /* Project object */ = {
			isa = PBXProject;
			attributes = {
				LastSwiftUpdateCheck = 0720;
				LastUpgradeCheck = 0720;
				ORGANIZATIONNAME = conwarez;
				TargetAttributes = {
					581DADEF1C195E6400870C74 = {
						CreatedOnToolsVersion = 7.2;
					};
				};
			};
			buildConfigurationList = 581DADEB1C195E6400870C74 /* Build configuration list for PBXProject "ostrich" */;
			compatibilityVersion = "Xcode 3.2";
			developmentRegion = English;
			hasScannedForEncodings = 0;
			knownRegions = (
				en,
			);
			mainGroup = 581DADE71C195E6400870C74;
			productRefGroup = 581DADF11C195E6400870C74 /* Products */;
			projectDirPath = "";
			projectRoot = "";
			targets = (
				581DADEF1C195E6400870C74 /* ostrich */,
			);
		};
/* End PBXProject section */

/* Begin PBXSourcesBuildPhase section */
		581DADEC1C195E6400870C74 /* Sources */ = {
			isa = PBXSourcesBuildPhase;
			buildActionMask = 2147483647;
			files = (
				587D128A1CAA3C750083E14C /* Memory.swift in Sources */,
				580FCC831CA8BF8F00506FF8 /* NOP.swift in Sources */,
				589F7C651C7A54AE002E9F86 /* Util.swift in Sources */,
				587D12931CAA3F730083E14C /* Indexed.swift in Sources */,
				580FCC7B1CA8BF4400506FF8 /* EXX.swift in Sources */,
				580FCC891CA8BFD800506FF8 /* JP.swift in Sources */,
				580FCC8B1CA8BFEA00506FF8 /* ADC.swift in Sources */,
				58589EEC1C3E41B900EC07C6 /* Z80.swift in Sources */,
				580FCC791CA8BF2D00506FF8 /* EX.swift in Sources */,
				587D128C1CAA3CE20083E14C /* Registers.swift in Sources */,
				580FCC871CA8BFAF00506FF8 /* POP.swift in Sources */,
				587D12911CAA3E8B0083E14C /* Immediates.swift in Sources */,
				580FCC851CA8BFA000506FF8 /* PUSH.swift in Sources */,
				580FCC811CA8BF8000506FF8 /* DEC.swift in Sources */,
				580FCC7F1CA8BF7100506FF8 /* INC.swift in Sources */,
				587D128E1CAA3D0E0083E14C /* Operand.swift in Sources */,
				580FCC8F1CA8C00800506FF8 /* CP.swift in Sources */,
				589F7C671C7A5516002E9F86 /* Instruction.swift in Sources */,
				580FCC7D1CA8BF5A00506FF8 /* LDI.swift in Sources */,
				580FCC771CA8BF0F00506FF8 /* LD.swift in Sources */,
				581DADF41C195E6400870C74 /* main.swift in Sources */,
				580FCC8D1CA8BFFA00506FF8 /* RET.swift in Sources */,
			);
			runOnlyForDeploymentPostprocessing = 0;
		};
/* End PBXSourcesBuildPhase section */

/* Begin XCBuildConfiguration section */
		581DADF51C195E6400870C74 /* Debug */ = {
			isa = XCBuildConfiguration;
			buildSettings = {
				ALWAYS_SEARCH_USER_PATHS = NO;
				CLANG_CXX_LANGUAGE_STANDARD = "gnu++0x";
				CLANG_CXX_LIBRARY = "libc++";
				CLANG_ENABLE_MODULES = YES;
				CLANG_ENABLE_OBJC_ARC = YES;
				CLANG_WARN_BOOL_CONVERSION = YES;
				CLANG_WARN_CONSTANT_CONVERSION = YES;
				CLANG_WARN_DIRECT_OBJC_ISA_USAGE = YES_ERROR;
				CLANG_WARN_EMPTY_BODY = YES;
				CLANG_WARN_ENUM_CONVERSION = YES;
				CLANG_WARN_INT_CONVERSION = YES;
				CLANG_WARN_OBJC_ROOT_CLASS = YES_ERROR;
				CLANG_WARN_UNREACHABLE_CODE = YES;
				CLANG_WARN__DUPLICATE_METHOD_MATCH = YES;
				CODE_SIGN_IDENTITY = "-";
				COPY_PHASE_STRIP = NO;
				DEBUG_INFORMATION_FORMAT = dwarf;
				ENABLE_STRICT_OBJC_MSGSEND = YES;
				ENABLE_TESTABILITY = YES;
				GCC_C_LANGUAGE_STANDARD = gnu99;
				GCC_DYNAMIC_NO_PIC = NO;
				GCC_NO_COMMON_BLOCKS = YES;
				GCC_OPTIMIZATION_LEVEL = 0;
				GCC_PREPROCESSOR_DEFINITIONS = (
					"DEBUG=1",
					"$(inherited)",
				);
				GCC_WARN_64_TO_32_BIT_CONVERSION = YES;
				GCC_WARN_ABOUT_RETURN_TYPE = YES_ERROR;
				GCC_WARN_UNDECLARED_SELECTOR = YES;
				GCC_WARN_UNINITIALIZED_AUTOS = YES_AGGRESSIVE;
				GCC_WARN_UNUSED_FUNCTION = YES;
				GCC_WARN_UNUSED_VARIABLE = YES;
				MACOSX_DEPLOYMENT_TARGET = 10.10;
				MTL_ENABLE_DEBUG_INFO = YES;
				ONLY_ACTIVE_ARCH = YES;
				SDKROOT = macosx;
				SWIFT_OPTIMIZATION_LEVEL = "-Onone";
			};
			name = Debug;
		};
		581DADF61C195E6400870C74 /* Release */ = {
			isa = XCBuildConfiguration;
			buildSettings = {
				ALWAYS_SEARCH_USER_PATHS = NO;
				CLANG_CXX_LANGUAGE_STANDARD = "gnu++0x";
				CLANG_CXX_LIBRARY = "libc++";
				CLANG_ENABLE_MODULES = YES;
				CLANG_ENABLE_OBJC_ARC = YES;
				CLANG_WARN_BOOL_CONVERSION = YES;
				CLANG_WARN_CONSTANT_CONVERSION = YES;
				CLANG_WARN_DIRECT_OBJC_ISA_USAGE = YES_ERROR;
				CLANG_WARN_EMPTY_BODY = YES;
				CLANG_WARN_ENUM_CONVERSION = YES;
				CLANG_WARN_INT_CONVERSION = YES;
				CLANG_WARN_OBJC_ROOT_CLASS = YES_ERROR;
				CLANG_WARN_UNREACHABLE_CODE = YES;
				CLANG_WARN__DUPLICATE_METHOD_MATCH = YES;
				CODE_SIGN_IDENTITY = "-";
				COPY_PHASE_STRIP = NO;
				DEBUG_INFORMATION_FORMAT = "dwarf-with-dsym";
				ENABLE_NS_ASSERTIONS = NO;
				ENABLE_STRICT_OBJC_MSGSEND = YES;
				GCC_C_LANGUAGE_STANDARD = gnu99;
				GCC_NO_COMMON_BLOCKS = YES;
				GCC_WARN_64_TO_32_BIT_CONVERSION = YES;
				GCC_WARN_ABOUT_RETURN_TYPE = YES_ERROR;
				GCC_WARN_UNDECLARED_SELECTOR = YES;
				GCC_WARN_UNINITIALIZED_AUTOS = YES_AGGRESSIVE;
				GCC_WARN_UNUSED_FUNCTION = YES;
				GCC_WARN_UNUSED_VARIABLE = YES;
				MACOSX_DEPLOYMENT_TARGET = 10.10;
				MTL_ENABLE_DEBUG_INFO = NO;
				SDKROOT = macosx;
			};
			name = Release;
		};
		581DADF81C195E6400870C74 /* Debug */ = {
			isa = XCBuildConfiguration;
			buildSettings = {
				PRODUCT_NAME = "$(TARGET_NAME)";
			};
			name = Debug;
		};
		581DADF91C195E6400870C74 /* Release */ = {
			isa = XCBuildConfiguration;
			buildSettings = {
				PRODUCT_NAME = "$(TARGET_NAME)";
			};
			name = Release;
		};
/* End XCBuildConfiguration section */

/* Begin XCConfigurationList section */
		581DADEB1C195E6400870C74 /* Build configuration list for PBXProject "ostrich" */ = {
			isa = XCConfigurationList;
			buildConfigurations = (
				581DADF51C195E6400870C74 /* Debug */,
				581DADF61C195E6400870C74 /* Release */,
			);
			defaultConfigurationIsVisible = 0;
			defaultConfigurationName = Release;
		};
		581DADF71C195E6400870C74 /* Build configuration list for PBXNativeTarget "ostrich" */ = {
			isa = XCConfigurationList;
			buildConfigurations = (
				581DADF81C195E6400870C74 /* Debug */,
				581DADF91C195E6400870C74 /* Release */,
			);
			defaultConfigurationIsVisible = 0;
			defaultConfigurationName = Release;
		};
/* End XCConfigurationList section */
	};
	rootObject = 581DADE81C195E6400870C74 /* Project object */;
}
