// !$*UTF8*$!
{
	archiveVersion = 1;
	classes = {
	};
	objectVersion = 46;
	objects = {

/* Begin PBXBuildFile section */
		EB31BB351E4554790037FCC5 /* startselect-pressed.png in Resources */ = {isa = PBXBuildFile; fileRef = EB31BB331E4554790037FCC5 /* startselect-pressed.png */; };
		EB31BB361E4554790037FCC5 /* startselect-unpressed.png in Resources */ = {isa = PBXBuildFile; fileRef = EB31BB341E4554790037FCC5 /* startselect-unpressed.png */; };
		EB506F4F1E4548DB00645AC1 /* CustomButton.swift in Sources */ = {isa = PBXBuildFile; fileRef = EB506F4E1E4548DB00645AC1 /* CustomButton.swift */; };
		EB6CB25D1E3455E000010E3E /* GBSParser.swift in Sources */ = {isa = PBXBuildFile; fileRef = EB6CB25C1E3455E000010E3E /* GBSParser.swift */; };
		EBBC3A131D6580FE00AC529E /* GBSPlayer.swift in Sources */ = {isa = PBXBuildFile; fileRef = EBBC3A121D6580FE00AC529E /* GBSPlayer.swift */; };
		EBC361E31E4581AD00DCDC36 /* GBDPad.swift in Sources */ = {isa = PBXBuildFile; fileRef = EBC361E21E4581AD00DCDC36 /* GBDPad.swift */; };
		EBC361E91E458BDB00DCDC36 /* dpad-down.png in Resources */ = {isa = PBXBuildFile; fileRef = EBC361E41E458BDB00DCDC36 /* dpad-down.png */; };
		EBC361EA1E458BDB00DCDC36 /* dpad-left.png in Resources */ = {isa = PBXBuildFile; fileRef = EBC361E51E458BDB00DCDC36 /* dpad-left.png */; };
		EBC361EB1E458BDB00DCDC36 /* dpad-neutral.png in Resources */ = {isa = PBXBuildFile; fileRef = EBC361E61E458BDB00DCDC36 /* dpad-neutral.png */; };
		EBC361EC1E458BDB00DCDC36 /* dpad-right.png in Resources */ = {isa = PBXBuildFile; fileRef = EBC361E71E458BDB00DCDC36 /* dpad-right.png */; };
		EBC361ED1E458BDB00DCDC36 /* dpad-up.png in Resources */ = {isa = PBXBuildFile; fileRef = EBC361E81E458BDB00DCDC36 /* dpad-up.png */; };
		EBC617E21E387A6E007434B8 /* PulseWaveView.swift in Sources */ = {isa = PBXBuildFile; fileRef = EBC617E11E387A6E007434B8 /* PulseWaveView.swift */; };
		EBD145661E3FF44A00597EF6 /* GBSML.ttf in Resources */ = {isa = PBXBuildFile; fileRef = EBD145651E3FF43F00597EF6 /* GBSML.ttf */; };
		EBD958DB1D65802400963E2F /* AppDelegate.swift in Sources */ = {isa = PBXBuildFile; fileRef = EBD958DA1D65802400963E2F /* AppDelegate.swift */; };
		EBD958DD1D65802400963E2F /* GBSPlayerViewController.swift in Sources */ = {isa = PBXBuildFile; fileRef = EBD958DC1D65802400963E2F /* GBSPlayerViewController.swift */; };
		EBD958DF1D65802400963E2F /* Assets.xcassets in Resources */ = {isa = PBXBuildFile; fileRef = EBD958DE1D65802400963E2F /* Assets.xcassets */; };
		EBD958E21D65802400963E2F /* Main.storyboard in Resources */ = {isa = PBXBuildFile; fileRef = EBD958E01D65802400963E2F /* Main.storyboard */; };
		EBD958ED1D65802500963E2F /* gbsplayerTests.swift in Sources */ = {isa = PBXBuildFile; fileRef = EBD958EC1D65802500963E2F /* gbsplayerTests.swift */; };
		EBD958F81D65802500963E2F /* gbsplayerUITests.swift in Sources */ = {isa = PBXBuildFile; fileRef = EBD958F71D65802500963E2F /* gbsplayerUITests.swift */; };
		EBDB1E4F1EEA546400830852 /* AudioKit.framework in Frameworks */ = {isa = PBXBuildFile; fileRef = EBDB1E4D1EEA546400830852 /* AudioKit.framework */; };
		EBDB1E501EEA546400830852 /* AudioKit.framework in Frameworks */ = {isa = PBXBuildFile; fileRef = EBDB1E4D1EEA546400830852 /* AudioKit.framework */; };
		EBDB1E511EEA552E00830852 /* AudioKit.framework in Frameworks */ = {isa = PBXBuildFile; fileRef = EBDB1E4D1EEA546400830852 /* AudioKit.framework */; };
		EBDB1E521EEA552E00830852 /* AudioKit.framework in Embed Frameworks */ = {isa = PBXBuildFile; fileRef = EBDB1E4D1EEA546400830852 /* AudioKit.framework */; settings = {ATTRIBUTES = (CodeSignOnCopy, RemoveHeadersOnCopy, ); }; };
		EBEA05FB1E3C77DF00D3D0F6 /* ab-unpressed.png in Resources */ = {isa = PBXBuildFile; fileRef = EBEA05FA1E3C77DF00D3D0F6 /* ab-unpressed.png */; };
		EBEA05FE1E3C801F00D3D0F6 /* ab-pressed.png in Resources */ = {isa = PBXBuildFile; fileRef = EBEA05FD1E3C801F00D3D0F6 /* ab-pressed.png */; };
		EBEA06001E3C927A00D3D0F6 /* GBPowerLight.swift in Sources */ = {isa = PBXBuildFile; fileRef = EBEA05FF1E3C927A00D3D0F6 /* GBPowerLight.swift */; };
		EBEA06021E3C98A500D3D0F6 /* powerlight.png in Resources */ = {isa = PBXBuildFile; fileRef = EBEA06011E3C98A500D3D0F6 /* powerlight.png */; };
		EBEA06041E3E020200D3D0F6 /* Util.swift in Sources */ = {isa = PBXBuildFile; fileRef = EBEA06031E3E020200D3D0F6 /* Util.swift */; };
/* End PBXBuildFile section */

/* Begin PBXContainerItemProxy section */
		EBD958E91D65802500963E2F /* PBXContainerItemProxy */ = {
			isa = PBXContainerItemProxy;
			containerPortal = EBD958CF1D65802400963E2F /* Project object */;
			proxyType = 1;
			remoteGlobalIDString = EBD958D61D65802400963E2F;
			remoteInfo = gbsplayer;
		};
		EBD958F41D65802500963E2F /* PBXContainerItemProxy */ = {
			isa = PBXContainerItemProxy;
			containerPortal = EBD958CF1D65802400963E2F /* Project object */;
			proxyType = 1;
			remoteGlobalIDString = EBD958D61D65802400963E2F;
			remoteInfo = gbsplayer;
		};
/* End PBXContainerItemProxy section */

/* Begin PBXCopyFilesBuildPhase section */
		EBB7DA981D65856700C18160 /* Embed Frameworks */ = {
			isa = PBXCopyFilesBuildPhase;
			buildActionMask = 2147483647;
			dstPath = "";
			dstSubfolderSpec = 10;
			files = (
				EBDB1E521EEA552E00830852 /* AudioKit.framework in Embed Frameworks */,
			);
			name = "Embed Frameworks";
			runOnlyForDeploymentPostprocessing = 0;
		};
/* End PBXCopyFilesBuildPhase section */

/* Begin PBXFileReference section */
		EB31BB331E4554790037FCC5 /* startselect-pressed.png */ = {isa = PBXFileReference; lastKnownFileType = image.png; path = "startselect-pressed.png"; sourceTree = "<group>"; };
		EB31BB341E4554790037FCC5 /* startselect-unpressed.png */ = {isa = PBXFileReference; lastKnownFileType = image.png; path = "startselect-unpressed.png"; sourceTree = "<group>"; };
		EB506F4E1E4548DB00645AC1 /* CustomButton.swift */ = {isa = PBXFileReference; fileEncoding = 4; lastKnownFileType = sourcecode.swift; path = CustomButton.swift; sourceTree = "<group>"; };
		EB6CB25C1E3455E000010E3E /* GBSParser.swift */ = {isa = PBXFileReference; fileEncoding = 4; lastKnownFileType = sourcecode.swift; path = GBSParser.swift; sourceTree = "<group>"; };
		EBB7DA9F1D67C18800C18160 /* gameboy.framework */ = {isa = PBXFileReference; lastKnownFileType = wrapper.framework; name = gameboy.framework; path = "../../../Library/Developer/Xcode/DerivedData/ostrich-foboudusbfzudvglxzssqmwvcqrd/Build/Products/Debug/gameboy.framework"; sourceTree = SOURCE_ROOT; };
		EBBC3A121D6580FE00AC529E /* GBSPlayer.swift */ = {isa = PBXFileReference; fileEncoding = 4; lastKnownFileType = sourcecode.swift; path = GBSPlayer.swift; sourceTree = "<group>"; };
		EBC361E21E4581AD00DCDC36 /* GBDPad.swift */ = {isa = PBXFileReference; fileEncoding = 4; lastKnownFileType = sourcecode.swift; path = GBDPad.swift; sourceTree = "<group>"; };
		EBC361E41E458BDB00DCDC36 /* dpad-down.png */ = {isa = PBXFileReference; lastKnownFileType = image.png; path = "dpad-down.png"; sourceTree = "<group>"; };
		EBC361E51E458BDB00DCDC36 /* dpad-left.png */ = {isa = PBXFileReference; lastKnownFileType = image.png; path = "dpad-left.png"; sourceTree = "<group>"; };
		EBC361E61E458BDB00DCDC36 /* dpad-neutral.png */ = {isa = PBXFileReference; lastKnownFileType = image.png; path = "dpad-neutral.png"; sourceTree = "<group>"; };
		EBC361E71E458BDB00DCDC36 /* dpad-right.png */ = {isa = PBXFileReference; lastKnownFileType = image.png; path = "dpad-right.png"; sourceTree = "<group>"; };
		EBC361E81E458BDB00DCDC36 /* dpad-up.png */ = {isa = PBXFileReference; lastKnownFileType = image.png; path = "dpad-up.png"; sourceTree = "<group>"; };
		EBC617E11E387A6E007434B8 /* PulseWaveView.swift */ = {isa = PBXFileReference; fileEncoding = 4; lastKnownFileType = sourcecode.swift; path = PulseWaveView.swift; sourceTree = "<group>"; };
		EBD145651E3FF43F00597EF6 /* GBSML.ttf */ = {isa = PBXFileReference; lastKnownFileType = file; path = GBSML.ttf; sourceTree = "<group>"; };
		EBD958D71D65802400963E2F /* gbsplayer.app */ = {isa = PBXFileReference; explicitFileType = wrapper.application; includeInIndex = 0; path = gbsplayer.app; sourceTree = BUILT_PRODUCTS_DIR; };
		EBD958DA1D65802400963E2F /* AppDelegate.swift */ = {isa = PBXFileReference; lastKnownFileType = sourcecode.swift; path = AppDelegate.swift; sourceTree = "<group>"; };
		EBD958DC1D65802400963E2F /* GBSPlayerViewController.swift */ = {isa = PBXFileReference; lastKnownFileType = sourcecode.swift; path = GBSPlayerViewController.swift; sourceTree = "<group>"; };
		EBD958DE1D65802400963E2F /* Assets.xcassets */ = {isa = PBXFileReference; lastKnownFileType = folder.assetcatalog; path = Assets.xcassets; sourceTree = "<group>"; };
		EBD958E11D65802400963E2F /* Base */ = {isa = PBXFileReference; lastKnownFileType = file.storyboard; name = Base; path = Base.lproj/Main.storyboard; sourceTree = "<group>"; };
		EBD958E31D65802400963E2F /* Info.plist */ = {isa = PBXFileReference; lastKnownFileType = text.plist.xml; path = Info.plist; sourceTree = "<group>"; };
		EBD958E81D65802500963E2F /* gbsplayerTests.xctest */ = {isa = PBXFileReference; explicitFileType = wrapper.cfbundle; includeInIndex = 0; path = gbsplayerTests.xctest; sourceTree = BUILT_PRODUCTS_DIR; };
		EBD958EC1D65802500963E2F /* gbsplayerTests.swift */ = {isa = PBXFileReference; lastKnownFileType = sourcecode.swift; path = gbsplayerTests.swift; sourceTree = "<group>"; };
		EBD958EE1D65802500963E2F /* Info.plist */ = {isa = PBXFileReference; lastKnownFileType = text.plist.xml; path = Info.plist; sourceTree = "<group>"; };
		EBD958F31D65802500963E2F /* gbsplayerUITests.xctest */ = {isa = PBXFileReference; explicitFileType = wrapper.cfbundle; includeInIndex = 0; path = gbsplayerUITests.xctest; sourceTree = BUILT_PRODUCTS_DIR; };
		EBD958F71D65802500963E2F /* gbsplayerUITests.swift */ = {isa = PBXFileReference; lastKnownFileType = sourcecode.swift; path = gbsplayerUITests.swift; sourceTree = "<group>"; };
		EBD958F91D65802500963E2F /* Info.plist */ = {isa = PBXFileReference; lastKnownFileType = text.plist.xml; path = Info.plist; sourceTree = "<group>"; };
		EBDB1E4D1EEA546400830852 /* AudioKit.framework */ = {isa = PBXFileReference; lastKnownFileType = wrapper.framework; path = AudioKit.framework; sourceTree = "<group>"; };
		EBEA05FA1E3C77DF00D3D0F6 /* ab-unpressed.png */ = {isa = PBXFileReference; lastKnownFileType = image.png; path = "ab-unpressed.png"; sourceTree = "<group>"; };
		EBEA05FD1E3C801F00D3D0F6 /* ab-pressed.png */ = {isa = PBXFileReference; lastKnownFileType = image.png; path = "ab-pressed.png"; sourceTree = "<group>"; };
		EBEA05FF1E3C927A00D3D0F6 /* GBPowerLight.swift */ = {isa = PBXFileReference; fileEncoding = 4; lastKnownFileType = sourcecode.swift; path = GBPowerLight.swift; sourceTree = "<group>"; };
		EBEA06011E3C98A500D3D0F6 /* powerlight.png */ = {isa = PBXFileReference; lastKnownFileType = image.png; path = powerlight.png; sourceTree = "<group>"; };
		EBEA06031E3E020200D3D0F6 /* Util.swift */ = {isa = PBXFileReference; fileEncoding = 4; lastKnownFileType = sourcecode.swift; path = Util.swift; sourceTree = "<group>"; };
/* End PBXFileReference section */

/* Begin PBXFrameworksBuildPhase section */
		EBD958D41D65802400963E2F /* Frameworks */ = {
			isa = PBXFrameworksBuildPhase;
			buildActionMask = 2147483647;
			files = (
				EBDB1E511EEA552E00830852 /* AudioKit.framework in Frameworks */,
			);
			runOnlyForDeploymentPostprocessing = 0;
		};
		EBD958E51D65802500963E2F /* Frameworks */ = {
			isa = PBXFrameworksBuildPhase;
			buildActionMask = 2147483647;
			files = (
				EBDB1E4F1EEA546400830852 /* AudioKit.framework in Frameworks */,
			);
			runOnlyForDeploymentPostprocessing = 0;
		};
		EBD958F01D65802500963E2F /* Frameworks */ = {
			isa = PBXFrameworksBuildPhase;
			buildActionMask = 2147483647;
			files = (
				EBDB1E501EEA546400830852 /* AudioKit.framework in Frameworks */,
			);
			runOnlyForDeploymentPostprocessing = 0;
		};
/* End PBXFrameworksBuildPhase section */

/* Begin PBXGroup section */
		EBCD548A1E4B099500BD2776 /* Source */ = {
			isa = PBXGroup;
			children = (
				EBCD548C1E4B0B1C00BD2776 /* Model */,
				EBCD548B1E4B0A8200BD2776 /* Views */,
				EBCD548D1E4B0B3F00BD2776 /* Controller */,
			);
			path = Source;
			sourceTree = "<group>";
		};
		EBCD548B1E4B0A8200BD2776 /* Views */ = {
			isa = PBXGroup;
			children = (
				EB506F4E1E4548DB00645AC1 /* CustomButton.swift */,
				EBC361E21E4581AD00DCDC36 /* GBDPad.swift */,
				EBEA05FF1E3C927A00D3D0F6 /* GBPowerLight.swift */,
				EBC617E11E387A6E007434B8 /* PulseWaveView.swift */,
				EBEA06031E3E020200D3D0F6 /* Util.swift */,
			);
			path = Views;
			sourceTree = "<group>";
		};
		EBCD548C1E4B0B1C00BD2776 /* Model */ = {
			isa = PBXGroup;
			children = (
				EB6CB25C1E3455E000010E3E /* GBSParser.swift */,
				EBBC3A121D6580FE00AC529E /* GBSPlayer.swift */,
			);
			path = Model;
			sourceTree = "<group>";
		};
		EBCD548D1E4B0B3F00BD2776 /* Controller */ = {
			isa = PBXGroup;
			children = (
				EBD958DC1D65802400963E2F /* GBSPlayerViewController.swift */,
				EBD958DA1D65802400963E2F /* AppDelegate.swift */,
			);
			name = Controller;
			path = Controllers;
			sourceTree = "<group>";
		};
		EBD958CE1D65802400963E2F = {
			isa = PBXGroup;
			children = (
				EBDB1E4D1EEA546400830852 /* AudioKit.framework */,
				EBB7DA9F1D67C18800C18160 /* gameboy.framework */,
				EBD958D91D65802400963E2F /* gbsplayer */,
				EBD958EB1D65802500963E2F /* gbsplayerTests */,
				EBD958F61D65802500963E2F /* gbsplayerUITests */,
				EBD958D81D65802400963E2F /* Products */,
			);
			sourceTree = "<group>";
		};
		EBD958D81D65802400963E2F /* Products */ = {
			isa = PBXGroup;
			children = (
				EBD958D71D65802400963E2F /* gbsplayer.app */,
				EBD958E81D65802500963E2F /* gbsplayerTests.xctest */,
				EBD958F31D65802500963E2F /* gbsplayerUITests.xctest */,
			);
			name = Products;
			sourceTree = "<group>";
		};
		EBD958D91D65802400963E2F /* gbsplayer */ = {
			isa = PBXGroup;
			children = (
				EBEA05FC1E3C77E800D3D0F6 /* Resources */,
				EBCD548A1E4B099500BD2776 /* Source */,
				EBD958DE1D65802400963E2F /* Assets.xcassets */,
				EBD958E01D65802400963E2F /* Main.storyboard */,
				EBD958E31D65802400963E2F /* Info.plist */,
			);
			path = gbsplayer;
			sourceTree = "<group>";
		};
		EBD958EB1D65802500963E2F /* gbsplayerTests */ = {
			isa = PBXGroup;
			children = (
				EBD958EC1D65802500963E2F /* gbsplayerTests.swift */,
				EBD958EE1D65802500963E2F /* Info.plist */,
			);
			path = gbsplayerTests;
			sourceTree = "<group>";
		};
		EBD958F61D65802500963E2F /* gbsplayerUITests */ = {
			isa = PBXGroup;
			children = (
				EBD958F71D65802500963E2F /* gbsplayerUITests.swift */,
				EBD958F91D65802500963E2F /* Info.plist */,
			);
			path = gbsplayerUITests;
			sourceTree = "<group>";
		};
		EBEA05FC1E3C77E800D3D0F6 /* Resources */ = {
			isa = PBXGroup;
			children = (
				EBD145651E3FF43F00597EF6 /* GBSML.ttf */,
				EBEA05FA1E3C77DF00D3D0F6 /* ab-unpressed.png */,
				EBEA05FD1E3C801F00D3D0F6 /* ab-pressed.png */,
				EBEA06011E3C98A500D3D0F6 /* powerlight.png */,
				EB31BB331E4554790037FCC5 /* startselect-pressed.png */,
				EB31BB341E4554790037FCC5 /* startselect-unpressed.png */,
				EBC361E41E458BDB00DCDC36 /* dpad-down.png */,
				EBC361E51E458BDB00DCDC36 /* dpad-left.png */,
				EBC361E61E458BDB00DCDC36 /* dpad-neutral.png */,
				EBC361E71E458BDB00DCDC36 /* dpad-right.png */,
				EBC361E81E458BDB00DCDC36 /* dpad-up.png */,
			);
			path = Resources;
			sourceTree = "<group>";
		};
/* End PBXGroup section */

/* Begin PBXNativeTarget section */
		EBD958D61D65802400963E2F /* gbsplayer */ = {
			isa = PBXNativeTarget;
			buildConfigurationList = EBD958FC1D65802500963E2F /* Build configuration list for PBXNativeTarget "gbsplayer" */;
			buildPhases = (
				EBD958D31D65802400963E2F /* Sources */,
				EBD958D41D65802400963E2F /* Frameworks */,
				EBD958D51D65802400963E2F /* Resources */,
				EBB7DA981D65856700C18160 /* Embed Frameworks */,
			);
			buildRules = (
			);
			dependencies = (
			);
			name = gbsplayer;
			productName = gbsplayer;
			productReference = EBD958D71D65802400963E2F /* gbsplayer.app */;
			productType = "com.apple.product-type.application";
		};
		EBD958E71D65802500963E2F /* gbsplayerTests */ = {
			isa = PBXNativeTarget;
			buildConfigurationList = EBD958FF1D65802500963E2F /* Build configuration list for PBXNativeTarget "gbsplayerTests" */;
			buildPhases = (
				EBD958E41D65802500963E2F /* Sources */,
				EBD958E51D65802500963E2F /* Frameworks */,
				EBD958E61D65802500963E2F /* Resources */,
			);
			buildRules = (
			);
			dependencies = (
				EBD958EA1D65802500963E2F /* PBXTargetDependency */,
			);
			name = gbsplayerTests;
			productName = gbsplayerTests;
			productReference = EBD958E81D65802500963E2F /* gbsplayerTests.xctest */;
			productType = "com.apple.product-type.bundle.unit-test";
		};
		EBD958F21D65802500963E2F /* gbsplayerUITests */ = {
			isa = PBXNativeTarget;
			buildConfigurationList = EBD959021D65802500963E2F /* Build configuration list for PBXNativeTarget "gbsplayerUITests" */;
			buildPhases = (
				EBD958EF1D65802500963E2F /* Sources */,
				EBD958F01D65802500963E2F /* Frameworks */,
				EBD958F11D65802500963E2F /* Resources */,
			);
			buildRules = (
			);
			dependencies = (
				EBD958F51D65802500963E2F /* PBXTargetDependency */,
			);
			name = gbsplayerUITests;
			productName = gbsplayerUITests;
			productReference = EBD958F31D65802500963E2F /* gbsplayerUITests.xctest */;
			productType = "com.apple.product-type.bundle.ui-testing";
		};
/* End PBXNativeTarget section */

/* Begin PBXProject section */
		EBD958CF1D65802400963E2F /* Project object */ = {
			isa = PBXProject;
			attributes = {
				LastSwiftUpdateCheck = 0730;
				LastUpgradeCheck = 0810;
				ORGANIZATIONNAME = conwarez;
				TargetAttributes = {
					EBD958D61D65802400963E2F = {
						CreatedOnToolsVersion = 7.3.1;
						DevelopmentTeam = R2YM36CX99;
						LastSwiftMigration = 0810;
					};
					EBD958E71D65802500963E2F = {
						CreatedOnToolsVersion = 7.3.1;
						LastSwiftMigration = 0810;
						TestTargetID = EBD958D61D65802400963E2F;
					};
					EBD958F21D65802500963E2F = {
						CreatedOnToolsVersion = 7.3.1;
						LastSwiftMigration = 0810;
						TestTargetID = EBD958D61D65802400963E2F;
					};
				};
			};
			buildConfigurationList = EBD958D21D65802400963E2F /* Build configuration list for PBXProject "gbsplayer" */;
			compatibilityVersion = "Xcode 3.2";
			developmentRegion = English;
			hasScannedForEncodings = 0;
			knownRegions = (
				en,
				Base,
			);
			mainGroup = EBD958CE1D65802400963E2F;
			productRefGroup = EBD958D81D65802400963E2F /* Products */;
			projectDirPath = "";
			projectRoot = "";
			targets = (
				EBD958D61D65802400963E2F /* gbsplayer */,
				EBD958E71D65802500963E2F /* gbsplayerTests */,
				EBD958F21D65802500963E2F /* gbsplayerUITests */,
			);
		};
/* End PBXProject section */

/* Begin PBXResourcesBuildPhase section */
		EBD958D51D65802400963E2F /* Resources */ = {
			isa = PBXResourcesBuildPhase;
			buildActionMask = 2147483647;
			files = (
				EBD958DF1D65802400963E2F /* Assets.xcassets in Resources */,
				EBC361EC1E458BDB00DCDC36 /* dpad-right.png in Resources */,
				EBEA05FE1E3C801F00D3D0F6 /* ab-pressed.png in Resources */,
				EB31BB351E4554790037FCC5 /* startselect-pressed.png in Resources */,
				EBD958E21D65802400963E2F /* Main.storyboard in Resources */,
				EBEA05FB1E3C77DF00D3D0F6 /* ab-unpressed.png in Resources */,
				EBC361EA1E458BDB00DCDC36 /* dpad-left.png in Resources */,
				EBD145661E3FF44A00597EF6 /* GBSML.ttf in Resources */,
				EB31BB361E4554790037FCC5 /* startselect-unpressed.png in Resources */,
				EBC361ED1E458BDB00DCDC36 /* dpad-up.png in Resources */,
				EBC361EB1E458BDB00DCDC36 /* dpad-neutral.png in Resources */,
				EBC361E91E458BDB00DCDC36 /* dpad-down.png in Resources */,
				EBEA06021E3C98A500D3D0F6 /* powerlight.png in Resources */,
			);
			runOnlyForDeploymentPostprocessing = 0;
		};
		EBD958E61D65802500963E2F /* Resources */ = {
			isa = PBXResourcesBuildPhase;
			buildActionMask = 2147483647;
			files = (
			);
			runOnlyForDeploymentPostprocessing = 0;
		};
		EBD958F11D65802500963E2F /* Resources */ = {
			isa = PBXResourcesBuildPhase;
			buildActionMask = 2147483647;
			files = (
			);
			runOnlyForDeploymentPostprocessing = 0;
		};
/* End PBXResourcesBuildPhase section */

/* Begin PBXSourcesBuildPhase section */
		EBD958D31D65802400963E2F /* Sources */ = {
			isa = PBXSourcesBuildPhase;
			buildActionMask = 2147483647;
			files = (
				EBD958DD1D65802400963E2F /* GBSPlayerViewController.swift in Sources */,
				EB506F4F1E4548DB00645AC1 /* CustomButton.swift in Sources */,
				EBD958DB1D65802400963E2F /* AppDelegate.swift in Sources */,
				EBEA06041E3E020200D3D0F6 /* Util.swift in Sources */,
				EBBC3A131D6580FE00AC529E /* GBSPlayer.swift in Sources */,
				EBC361E31E4581AD00DCDC36 /* GBDPad.swift in Sources */,
				EBEA06001E3C927A00D3D0F6 /* GBPowerLight.swift in Sources */,
				EB6CB25D1E3455E000010E3E /* GBSParser.swift in Sources */,
				EBC617E21E387A6E007434B8 /* PulseWaveView.swift in Sources */,
			);
			runOnlyForDeploymentPostprocessing = 0;
		};
		EBD958E41D65802500963E2F /* Sources */ = {
			isa = PBXSourcesBuildPhase;
			buildActionMask = 2147483647;
			files = (
				EBD958ED1D65802500963E2F /* gbsplayerTests.swift in Sources */,
			);
			runOnlyForDeploymentPostprocessing = 0;
		};
		EBD958EF1D65802500963E2F /* Sources */ = {
			isa = PBXSourcesBuildPhase;
			buildActionMask = 2147483647;
			files = (
				EBD958F81D65802500963E2F /* gbsplayerUITests.swift in Sources */,
			);
			runOnlyForDeploymentPostprocessing = 0;
		};
/* End PBXSourcesBuildPhase section */

/* Begin PBXTargetDependency section */
		EBD958EA1D65802500963E2F /* PBXTargetDependency */ = {
			isa = PBXTargetDependency;
			target = EBD958D61D65802400963E2F /* gbsplayer */;
			targetProxy = EBD958E91D65802500963E2F /* PBXContainerItemProxy */;
		};
		EBD958F51D65802500963E2F /* PBXTargetDependency */ = {
			isa = PBXTargetDependency;
			target = EBD958D61D65802400963E2F /* gbsplayer */;
			targetProxy = EBD958F41D65802500963E2F /* PBXContainerItemProxy */;
		};
/* End PBXTargetDependency section */

/* Begin PBXVariantGroup section */
		EBD958E01D65802400963E2F /* Main.storyboard */ = {
			isa = PBXVariantGroup;
			children = (
				EBD958E11D65802400963E2F /* Base */,
			);
			name = Main.storyboard;
			sourceTree = "<group>";
		};
/* End PBXVariantGroup section */

/* Begin XCBuildConfiguration section */
		EBD958FA1D65802500963E2F /* Debug */ = {
			isa = XCBuildConfiguration;
			buildSettings = {
				ALWAYS_SEARCH_USER_PATHS = NO;
				CLANG_ANALYZER_NONNULL = YES;
				CLANG_CXX_LANGUAGE_STANDARD = "gnu++0x";
				CLANG_CXX_LIBRARY = "libc++";
				CLANG_ENABLE_MODULES = YES;
				CLANG_ENABLE_OBJC_ARC = YES;
				CLANG_WARN_BOOL_CONVERSION = YES;
				CLANG_WARN_CONSTANT_CONVERSION = YES;
				CLANG_WARN_DIRECT_OBJC_ISA_USAGE = YES_ERROR;
				CLANG_WARN_EMPTY_BODY = YES;
				CLANG_WARN_ENUM_CONVERSION = YES;
				CLANG_WARN_INFINITE_RECURSION = YES;
				CLANG_WARN_INT_CONVERSION = YES;
				CLANG_WARN_OBJC_ROOT_CLASS = YES_ERROR;
				CLANG_WARN_SUSPICIOUS_MOVE = YES;
				CLANG_WARN_UNREACHABLE_CODE = YES;
				CLANG_WARN__DUPLICATE_METHOD_MATCH = YES;
				CODE_SIGN_IDENTITY = "-";
				COPY_PHASE_STRIP = NO;
				DEBUG_INFORMATION_FORMAT = dwarf;
				ENABLE_STRICT_OBJC_MSGSEND = YES;
				ENABLE_TESTABILITY = YES;
				GCC_C_LANGUAGE_STANDARD = gnu99;
				GCC_DYNAMIC_NO_PIC = NO;
				GCC_NO_COMMON_BLOCKS = YES;
				GCC_OPTIMIZATION_LEVEL = 0;
				GCC_PREPROCESSOR_DEFINITIONS = (
					"DEBUG=1",
					"$(inherited)",
				);
				GCC_WARN_64_TO_32_BIT_CONVERSION = YES;
				GCC_WARN_ABOUT_RETURN_TYPE = YES_ERROR;
				GCC_WARN_UNDECLARED_SELECTOR = YES;
				GCC_WARN_UNINITIALIZED_AUTOS = YES_AGGRESSIVE;
				GCC_WARN_UNUSED_FUNCTION = YES;
				GCC_WARN_UNUSED_VARIABLE = YES;
				MACOSX_DEPLOYMENT_TARGET = 10.11;
				MTL_ENABLE_DEBUG_INFO = YES;
				ONLY_ACTIVE_ARCH = YES;
				SDKROOT = macosx;
				SWIFT_OPTIMIZATION_LEVEL = "-Onone";
			};
			name = Debug;
		};
		EBD958FB1D65802500963E2F /* Release */ = {
			isa = XCBuildConfiguration;
			buildSettings = {
				ALWAYS_SEARCH_USER_PATHS = NO;
				CLANG_ANALYZER_NONNULL = YES;
				CLANG_CXX_LANGUAGE_STANDARD = "gnu++0x";
				CLANG_CXX_LIBRARY = "libc++";
				CLANG_ENABLE_MODULES = YES;
				CLANG_ENABLE_OBJC_ARC = YES;
				CLANG_WARN_BOOL_CONVERSION = YES;
				CLANG_WARN_CONSTANT_CONVERSION = YES;
				CLANG_WARN_DIRECT_OBJC_ISA_USAGE = YES_ERROR;
				CLANG_WARN_EMPTY_BODY = YES;
				CLANG_WARN_ENUM_CONVERSION = YES;
				CLANG_WARN_INFINITE_RECURSION = YES;
				CLANG_WARN_INT_CONVERSION = YES;
				CLANG_WARN_OBJC_ROOT_CLASS = YES_ERROR;
				CLANG_WARN_SUSPICIOUS_MOVE = YES;
				CLANG_WARN_UNREACHABLE_CODE = YES;
				CLANG_WARN__DUPLICATE_METHOD_MATCH = YES;
				CODE_SIGN_IDENTITY = "-";
				COPY_PHASE_STRIP = NO;
				DEBUG_INFORMATION_FORMAT = "dwarf-with-dsym";
				ENABLE_NS_ASSERTIONS = NO;
				ENABLE_STRICT_OBJC_MSGSEND = YES;
				GCC_C_LANGUAGE_STANDARD = gnu99;
				GCC_NO_COMMON_BLOCKS = YES;
				GCC_WARN_64_TO_32_BIT_CONVERSION = YES;
				GCC_WARN_ABOUT_RETURN_TYPE = YES_ERROR;
				GCC_WARN_UNDECLARED_SELECTOR = YES;
				GCC_WARN_UNINITIALIZED_AUTOS = YES_AGGRESSIVE;
				GCC_WARN_UNUSED_FUNCTION = YES;
				GCC_WARN_UNUSED_VARIABLE = YES;
				MACOSX_DEPLOYMENT_TARGET = 10.11;
				MTL_ENABLE_DEBUG_INFO = NO;
				SDKROOT = macosx;
				SWIFT_OPTIMIZATION_LEVEL = "-Owholemodule";
			};
			name = Release;
		};
		EBD958FD1D65802500963E2F /* Debug */ = {
			isa = XCBuildConfiguration;
			buildSettings = {
				ASSETCATALOG_COMPILER_APPICON_NAME = AppIcon;
				COMBINE_HIDPI_IMAGES = YES;
				FRAMEWORK_SEARCH_PATHS = (
					"$(inherited)",
					"$(PROJECT_DIR)",
				);
				INFOPLIST_FILE = gbsplayer/Info.plist;
				LD_RUNPATH_SEARCH_PATHS = "$(inherited) @executable_path/../Frameworks";
				PRODUCT_BUNDLE_IDENTIFIER = com.conwarez.gbsplayer;
				PRODUCT_NAME = "$(TARGET_NAME)";
				SWIFT_VERSION = 3.0;
			};
			name = Debug;
		};
		EBD958FE1D65802500963E2F /* Release */ = {
			isa = XCBuildConfiguration;
			buildSettings = {
				ASSETCATALOG_COMPILER_APPICON_NAME = AppIcon;
				COMBINE_HIDPI_IMAGES = YES;
				FRAMEWORK_SEARCH_PATHS = (
					"$(inherited)",
					"$(PROJECT_DIR)",
				);
				INFOPLIST_FILE = gbsplayer/Info.plist;
				LD_RUNPATH_SEARCH_PATHS = "$(inherited) @executable_path/../Frameworks";
				PRODUCT_BUNDLE_IDENTIFIER = com.conwarez.gbsplayer;
				PRODUCT_NAME = "$(TARGET_NAME)";
				SWIFT_VERSION = 3.0;
			};
			name = Release;
		};
		EBD959001D65802500963E2F /* Debug */ = {
			isa = XCBuildConfiguration;
			buildSettings = {
				BUNDLE_LOADER = "$(TEST_HOST)";
				COMBINE_HIDPI_IMAGES = YES;
				FRAMEWORK_SEARCH_PATHS = (
					"$(inherited)",
					"$(PROJECT_DIR)",
				);
				INFOPLIST_FILE = gbsplayerTests/Info.plist;
				LD_RUNPATH_SEARCH_PATHS = "$(inherited) @executable_path/../Frameworks @loader_path/../Frameworks";
				PRODUCT_BUNDLE_IDENTIFIER = com.conwarez.gbsplayerTests;
				PRODUCT_NAME = "$(TARGET_NAME)";
				SWIFT_VERSION = 3.0;
				TEST_HOST = "$(BUILT_PRODUCTS_DIR)/gbsplayer.app/Contents/MacOS/gbsplayer";
			};
			name = Debug;
		};
		EBD959011D65802500963E2F /* Release */ = {
			isa = XCBuildConfiguration;
			buildSettings = {
				BUNDLE_LOADER = "$(TEST_HOST)";
				COMBINE_HIDPI_IMAGES = YES;
				FRAMEWORK_SEARCH_PATHS = (
					"$(inherited)",
					"$(PROJECT_DIR)",
				);
				INFOPLIST_FILE = gbsplayerTests/Info.plist;
				LD_RUNPATH_SEARCH_PATHS = "$(inherited) @executable_path/../Frameworks @loader_path/../Frameworks";
				PRODUCT_BUNDLE_IDENTIFIER = com.conwarez.gbsplayerTests;
				PRODUCT_NAME = "$(TARGET_NAME)";
				SWIFT_VERSION = 3.0;
				TEST_HOST = "$(BUILT_PRODUCTS_DIR)/gbsplayer.app/Contents/MacOS/gbsplayer";
			};
			name = Release;
		};
		EBD959031D65802500963E2F /* Debug */ = {
			isa = XCBuildConfiguration;
			buildSettings = {
				COMBINE_HIDPI_IMAGES = YES;
				FRAMEWORK_SEARCH_PATHS = (
					"$(inherited)",
					"$(PROJECT_DIR)",
				);
				INFOPLIST_FILE = gbsplayerUITests/Info.plist;
				LD_RUNPATH_SEARCH_PATHS = "$(inherited) @executable_path/../Frameworks @loader_path/../Frameworks";
				PRODUCT_BUNDLE_IDENTIFIER = com.conwarez.gbsplayerUITests;
				PRODUCT_NAME = "$(TARGET_NAME)";
				SWIFT_VERSION = 3.0;
				TEST_TARGET_NAME = gbsplayer;
			};
			name = Debug;
		};
		EBD959041D65802500963E2F /* Release */ = {
			isa = XCBuildConfiguration;
			buildSettings = {
				COMBINE_HIDPI_IMAGES = YES;
				FRAMEWORK_SEARCH_PATHS = (
					"$(inherited)",
					"$(PROJECT_DIR)",
				);
				INFOPLIST_FILE = gbsplayerUITests/Info.plist;
				LD_RUNPATH_SEARCH_PATHS = "$(inherited) @executable_path/../Frameworks @loader_path/../Frameworks";
				PRODUCT_BUNDLE_IDENTIFIER = com.conwarez.gbsplayerUITests;
				PRODUCT_NAME = "$(TARGET_NAME)";
				SWIFT_VERSION = 3.0;
				TEST_TARGET_NAME = gbsplayer;
			};
			name = Release;
		};
/* End XCBuildConfiguration section */

/* Begin XCConfigurationList section */
		EBD958D21D65802400963E2F /* Build configuration list for PBXProject "gbsplayer" */ = {
			isa = XCConfigurationList;
			buildConfigurations = (
				EBD958FA1D65802500963E2F /* Debug */,
				EBD958FB1D65802500963E2F /* Release */,
			);
			defaultConfigurationIsVisible = 0;
			defaultConfigurationName = Release;
		};
		EBD958FC1D65802500963E2F /* Build configuration list for PBXNativeTarget "gbsplayer" */ = {
			isa = XCConfigurationList;
			buildConfigurations = (
				EBD958FD1D65802500963E2F /* Debug */,
				EBD958FE1D65802500963E2F /* Release */,
			);
			defaultConfigurationIsVisible = 0;
			defaultConfigurationName = Release;
		};
		EBD958FF1D65802500963E2F /* Build configuration list for PBXNativeTarget "gbsplayerTests" */ = {
			isa = XCConfigurationList;
			buildConfigurations = (
				EBD959001D65802500963E2F /* Debug */,
				EBD959011D65802500963E2F /* Release */,
			);
			defaultConfigurationIsVisible = 0;
			defaultConfigurationName = Release;
		};
		EBD959021D65802500963E2F /* Build configuration list for PBXNativeTarget "gbsplayerUITests" */ = {
			isa = XCConfigurationList;
			buildConfigurations = (
				EBD959031D65802500963E2F /* Debug */,
				EBD959041D65802500963E2F /* Release */,
			);
			defaultConfigurationIsVisible = 0;
			defaultConfigurationName = Release;
		};
/* End XCConfigurationList section */
	};
	rootObject = EBD958CF1D65802400963E2F /* Project object */;
}
